// !$*UTF8*$!
{
	archiveVersion = 1;
	classes = {
	};
	objectVersion = 56;
	objects = {

/* Begin PBXBuildFile section */
		12811E34285DA94100E153F8 /* RotationGestures.swift in Sources */ = {isa = PBXBuildFile; fileRef = 12811E33285DA94100E153F8 /* RotationGestures.swift */; };
		12811E36285DAAD400E153F8 /* DragGestures.swift in Sources */ = {isa = PBXBuildFile; fileRef = 12811E35285DAAD400E153F8 /* DragGestures.swift */; };
		12811E38285DAD6A00E153F8 /* DragGestures2.swift in Sources */ = {isa = PBXBuildFile; fileRef = 12811E37285DAD6A00E153F8 /* DragGestures2.swift */; };
		12C563EC285CE49800523BBA /* ContinuedLearning0618App.swift in Sources */ = {isa = PBXBuildFile; fileRef = 12C563EB285CE49800523BBA /* ContinuedLearning0618App.swift */; };
		12C563EE285CE49800523BBA /* ContentView.swift in Sources */ = {isa = PBXBuildFile; fileRef = 12C563ED285CE49800523BBA /* ContentView.swift */; };
		12C563F0285CE49900523BBA /* Assets.xcassets in Resources */ = {isa = PBXBuildFile; fileRef = 12C563EF285CE49900523BBA /* Assets.xcassets */; };
		12C563F3285CE49900523BBA /* Preview Assets.xcassets in Resources */ = {isa = PBXBuildFile; fileRef = 12C563F2285CE49900523BBA /* Preview Assets.xcassets */; };
		12C563FA285CE4D900523BBA /* LongPressGesture.swift in Sources */ = {isa = PBXBuildFile; fileRef = 12C563F9285CE4D900523BBA /* LongPressGesture.swift */; };
		12C563FC285CED7F00523BBA /* MagnificationGestures.swift in Sources */ = {isa = PBXBuildFile; fileRef = 12C563FB285CED7F00523BBA /* MagnificationGestures.swift */; };
/* End PBXBuildFile section */

/* Begin PBXFileReference section */
		12811E33285DA94100E153F8 /* RotationGestures.swift */ = {isa = PBXFileReference; lastKnownFileType = sourcecode.swift; path = RotationGestures.swift; sourceTree = "<group>"; };
		12811E35285DAAD400E153F8 /* DragGestures.swift */ = {isa = PBXFileReference; lastKnownFileType = sourcecode.swift; path = DragGestures.swift; sourceTree = "<group>"; };
		12811E37285DAD6A00E153F8 /* DragGestures2.swift */ = {isa = PBXFileReference; lastKnownFileType = sourcecode.swift; path = DragGestures2.swift; sourceTree = "<group>"; };
		12C563E8285CE49800523BBA /* ContinuedLearning0618.app */ = {isa = PBXFileReference; explicitFileType = wrapper.application; includeInIndex = 0; path = ContinuedLearning0618.app; sourceTree = BUILT_PRODUCTS_DIR; };
		12C563EB285CE49800523BBA /* ContinuedLearning0618App.swift */ = {isa = PBXFileReference; lastKnownFileType = sourcecode.swift; path = ContinuedLearning0618App.swift; sourceTree = "<group>"; };
		12C563ED285CE49800523BBA /* ContentView.swift */ = {isa = PBXFileReference; lastKnownFileType = sourcecode.swift; path = ContentView.swift; sourceTree = "<group>"; };
		12C563EF285CE49900523BBA /* Assets.xcassets */ = {isa = PBXFileReference; lastKnownFileType = folder.assetcatalog; path = Assets.xcassets; sourceTree = "<group>"; };
		12C563F2285CE49900523BBA /* Preview Assets.xcassets */ = {isa = PBXFileReference; lastKnownFileType = folder.assetcatalog; path = "Preview Assets.xcassets"; sourceTree = "<group>"; };
		12C563F9285CE4D900523BBA /* LongPressGesture.swift */ = {isa = PBXFileReference; lastKnownFileType = sourcecode.swift; path = LongPressGesture.swift; sourceTree = "<group>"; };
		12C563FB285CED7F00523BBA /* MagnificationGestures.swift */ = {isa = PBXFileReference; lastKnownFileType = sourcecode.swift; path = MagnificationGestures.swift; sourceTree = "<group>"; };
/* End PBXFileReference section */

/* Begin PBXFrameworksBuildPhase section */
		12C563E5285CE49800523BBA /* Frameworks */ = {
			isa = PBXFrameworksBuildPhase;
			buildActionMask = 2147483647;
			files = (
			);
			runOnlyForDeploymentPostprocessing = 0;
		};
/* End PBXFrameworksBuildPhase section */

/* Begin PBXGroup section */
		12C563DF285CE49800523BBA = {
			isa = PBXGroup;
			children = (
				12C563EA285CE49800523BBA /* ContinuedLearning0618 */,
				12C563E9285CE49800523BBA /* Products */,
			);
			sourceTree = "<group>";
		};
		12C563E9285CE49800523BBA /* Products */ = {
			isa = PBXGroup;
			children = (
				12C563E8285CE49800523BBA /* ContinuedLearning0618.app */,
			);
			name = Products;
			sourceTree = "<group>";
		};
		12C563EA285CE49800523BBA /* ContinuedLearning0618 */ = {
			isa = PBXGroup;
			children = (
				12C563EB285CE49800523BBA /* ContinuedLearning0618App.swift */,
				12C563ED285CE49800523BBA /* ContentView.swift */,
				12C563F9285CE4D900523BBA /* LongPressGesture.swift */,
				12C563FB285CED7F00523BBA /* MagnificationGestures.swift */,
				12811E33285DA94100E153F8 /* RotationGestures.swift */,
				12811E35285DAAD400E153F8 /* DragGestures.swift */,
				12811E37285DAD6A00E153F8 /* DragGestures2.swift */,
				12C563EF285CE49900523BBA /* Assets.xcassets */,
				12C563F1285CE49900523BBA /* Preview Content */,
			);
			path = ContinuedLearning0618;
			sourceTree = "<group>";
		};
		12C563F1285CE49900523BBA /* Preview Content */ = {
			isa = PBXGroup;
			children = (
				12C563F2285CE49900523BBA /* Preview Assets.xcassets */,
			);
			path = "Preview Content";
			sourceTree = "<group>";
		};
/* End PBXGroup section */

/* Begin PBXNativeTarget section */
		12C563E7285CE49800523BBA /* ContinuedLearning0618 */ = {
			isa = PBXNativeTarget;
			buildConfigurationList = 12C563F6285CE49900523BBA /* Build configuration list for PBXNativeTarget "ContinuedLearning0618" */;
			buildPhases = (
				12C563E4285CE49800523BBA /* Sources */,
				12C563E5285CE49800523BBA /* Frameworks */,
				12C563E6285CE49800523BBA /* Resources */,
			);
			buildRules = (
			);
			dependencies = (
			);
			name = ContinuedLearning0618;
			productName = ContinuedLearning0618;
			productReference = 12C563E8285CE49800523BBA /* ContinuedLearning0618.app */;
			productType = "com.apple.product-type.application";
		};
/* End PBXNativeTarget section */

/* Begin PBXProject section */
		12C563E0285CE49800523BBA /* Project object */ = {
			isa = PBXProject;
			attributes = {
				BuildIndependentTargetsInParallel = 1;
				LastSwiftUpdateCheck = 1400;
				LastUpgradeCheck = 1400;
				TargetAttributes = {
					12C563E7285CE49800523BBA = {
						CreatedOnToolsVersion = 14.0;
					};
				};
			};
			buildConfigurationList = 12C563E3285CE49800523BBA /* Build configuration list for PBXProject "ContinuedLearning0618" */;
			compatibilityVersion = "Xcode 14.0";
			developmentRegion = en;
			hasScannedForEncodings = 0;
			knownRegions = (
				en,
				Base,
			);
			mainGroup = 12C563DF285CE49800523BBA;
			productRefGroup = 12C563E9285CE49800523BBA /* Products */;
			projectDirPath = "";
			projectRoot = "";
			targets = (
				12C563E7285CE49800523BBA /* ContinuedLearning0618 */,
			);
		};
/* End PBXProject section */

/* Begin PBXResourcesBuildPhase section */
		12C563E6285CE49800523BBA /* Resources */ = {
			isa = PBXResourcesBuildPhase;
			buildActionMask = 2147483647;
			files = (
				12C563F3285CE49900523BBA /* Preview Assets.xcassets in Resources */,
				12C563F0285CE49900523BBA /* Assets.xcassets in Resources */,
			);
			runOnlyForDeploymentPostprocessing = 0;
		};
/* End PBXResourcesBuildPhase section */

/* Begin PBXSourcesBuildPhase section */
		12C563E4285CE49800523BBA /* Sources */ = {
			isa = PBXSourcesBuildPhase;
			buildActionMask = 2147483647;
			files = (
				12811E34285DA94100E153F8 /* RotationGestures.swift in Sources */,
				12811E36285DAAD400E153F8 /* DragGestures.swift in Sources */,
				12C563EE285CE49800523BBA /* ContentView.swift in Sources */,
				12811E38285DAD6A00E153F8 /* DragGestures2.swift in Sources */,
				12C563FC285CED7F00523BBA /* MagnificationGestures.swift in Sources */,
				12C563EC285CE49800523BBA /* ContinuedLearning0618App.swift in Sources */,
				12C563FA285CE4D900523BBA /* LongPressGesture.swift in Sources */,
			);
			runOnlyForDeploymentPostprocessing = 0;
		};
/* End PBXSourcesBuildPhase section */

/* Begin XCBuildConfiguration section */
		12C563F4285CE49900523BBA /* Debug */ = {
			isa = XCBuildConfiguration;
			buildSettings = {
				ALWAYS_SEARCH_USER_PATHS = NO;
				CLANG_ANALYZER_NONNULL = YES;
				CLANG_ANALYZER_NUMBER_OBJECT_CONVERSION = YES_AGGRESSIVE;
				CLANG_CXX_LANGUAGE_STANDARD = "gnu++17";
				CLANG_ENABLE_MODULES = YES;
				CLANG_ENABLE_OBJC_ARC = YES;
				CLANG_ENABLE_OBJC_WEAK = YES;
				CLANG_WARN_BLOCK_CAPTURE_AUTORELEASING = YES;
				CLANG_WARN_BOOL_CONVERSION = YES;
				CLANG_WARN_COMMA = YES;
				CLANG_WARN_CONSTANT_CONVERSION = YES;
				CLANG_WARN_DEPRECATED_OBJC_IMPLEMENTATIONS = YES;
				CLANG_WARN_DIRECT_OBJC_ISA_USAGE = YES_ERROR;
				CLANG_WARN_DOCUMENTATION_COMMENTS = YES;
				CLANG_WARN_EMPTY_BODY = YES;
				CLANG_WARN_ENUM_CONVERSION = YES;
				CLANG_WARN_INFINITE_RECURSION = YES;
				CLANG_WARN_INT_CONVERSION = YES;
				CLANG_WARN_NON_LITERAL_NULL_CONVERSION = YES;
				CLANG_WARN_OBJC_IMPLICIT_RETAIN_SELF = YES;
				CLANG_WARN_OBJC_LITERAL_CONVERSION = YES;
				CLANG_WARN_OBJC_ROOT_CLASS = YES_ERROR;
				CLANG_WARN_QUOTED_INCLUDE_IN_FRAMEWORK_HEADER = YES;
				CLANG_WARN_RANGE_LOOP_ANALYSIS = YES;
				CLANG_WARN_STRICT_PROTOTYPES = YES;
				CLANG_WARN_SUSPICIOUS_MOVE = YES;
				CLANG_WARN_UNGUARDED_AVAILABILITY = YES_AGGRESSIVE;
				CLANG_WARN_UNREACHABLE_CODE = YES;
				CLANG_WARN__DUPLICATE_METHOD_MATCH = YES;
				COPY_PHASE_STRIP = NO;
				DEBUG_INFORMATION_FORMAT = dwarf;
				ENABLE_STRICT_OBJC_MSGSEND = YES;
				ENABLE_TESTABILITY = YES;
				GCC_C_LANGUAGE_STANDARD = gnu11;
				GCC_DYNAMIC_NO_PIC = NO;
				GCC_NO_COMMON_BLOCKS = YES;
				GCC_OPTIMIZATION_LEVEL = 0;
				GCC_PREPROCESSOR_DEFINITIONS = (
					"DEBUG=1",
					"$(inherited)",
				);
				GCC_WARN_64_TO_32_BIT_CONVERSION = YES;
				GCC_WARN_ABOUT_RETURN_TYPE = YES_ERROR;
				GCC_WARN_UNDECLARED_SELECTOR = YES;
				GCC_WARN_UNINITIALIZED_AUTOS = YES_AGGRESSIVE;
				GCC_WARN_UNUSED_FUNCTION = YES;
				GCC_WARN_UNUSED_VARIABLE = YES;
				IPHONEOS_DEPLOYMENT_TARGET = 16.0;
				MTL_ENABLE_DEBUG_INFO = INCLUDE_SOURCE;
				MTL_FAST_MATH = YES;
				ONLY_ACTIVE_ARCH = YES;
				SDKROOT = iphoneos;
				SWIFT_ACTIVE_COMPILATION_CONDITIONS = DEBUG;
				SWIFT_OPTIMIZATION_LEVEL = "-Onone";
			};
			name = Debug;
		};
		12C563F5285CE49900523BBA /* Release */ = {
			isa = XCBuildConfiguration;
			buildSettings = {
				ALWAYS_SEARCH_USER_PATHS = NO;
				CLANG_ANALYZER_NONNULL = YES;
				CLANG_ANALYZER_NUMBER_OBJECT_CONVERSION = YES_AGGRESSIVE;
				CLANG_CXX_LANGUAGE_STANDARD = "gnu++17";
				CLANG_ENABLE_MODULES = YES;
				CLANG_ENABLE_OBJC_ARC = YES;
				CLANG_ENABLE_OBJC_WEAK = YES;
				CLANG_WARN_BLOCK_CAPTURE_AUTORELEASING = YES;
				CLANG_WARN_BOOL_CONVERSION = YES;
				CLANG_WARN_COMMA = YES;
				CLANG_WARN_CONSTANT_CONVERSION = YES;
				CLANG_WARN_DEPRECATED_OBJC_IMPLEMENTATIONS = YES;
				CLANG_WARN_DIRECT_OBJC_ISA_USAGE = YES_ERROR;
				CLANG_WARN_DOCUMENTATION_COMMENTS = YES;
				CLANG_WARN_EMPTY_BODY = YES;
				CLANG_WARN_ENUM_CONVERSION = YES;
				CLANG_WARN_INFINITE_RECURSION = YES;
				CLANG_WARN_INT_CONVERSION = YES;
				CLANG_WARN_NON_LITERAL_NULL_CONVERSION = YES;
				CLANG_WARN_OBJC_IMPLICIT_RETAIN_SELF = YES;
				CLANG_WARN_OBJC_LITERAL_CONVERSION = YES;
				CLANG_WARN_OBJC_ROOT_CLASS = YES_ERROR;
				CLANG_WARN_QUOTED_INCLUDE_IN_FRAMEWORK_HEADER = YES;
				CLANG_WARN_RANGE_LOOP_ANALYSIS = YES;
				CLANG_WARN_STRICT_PROTOTYPES = YES;
				CLANG_WARN_SUSPICIOUS_MOVE = YES;
				CLANG_WARN_UNGUARDED_AVAILABILITY = YES_AGGRESSIVE;
				CLANG_WARN_UNREACHABLE_CODE = YES;
				CLANG_WARN__DUPLICATE_METHOD_MATCH = YES;
				COPY_PHASE_STRIP = NO;
				DEBUG_INFORMATION_FORMAT = "dwarf-with-dsym";
				ENABLE_NS_ASSERTIONS = NO;
				ENABLE_STRICT_OBJC_MSGSEND = YES;
				GCC_C_LANGUAGE_STANDARD = gnu11;
				GCC_NO_COMMON_BLOCKS = YES;
				GCC_WARN_64_TO_32_BIT_CONVERSION = YES;
				GCC_WARN_ABOUT_RETURN_TYPE = YES_ERROR;
				GCC_WARN_UNDECLARED_SELECTOR = YES;
				GCC_WARN_UNINITIALIZED_AUTOS = YES_AGGRESSIVE;
				GCC_WARN_UNUSED_FUNCTION = YES;
				GCC_WARN_UNUSED_VARIABLE = YES;
				IPHONEOS_DEPLOYMENT_TARGET = 16.0;
				MTL_ENABLE_DEBUG_INFO = NO;
				MTL_FAST_MATH = YES;
				SDKROOT = iphoneos;
				SWIFT_COMPILATION_MODE = wholemodule;
				SWIFT_OPTIMIZATION_LEVEL = "-O";
				VALIDATE_PRODUCT = YES;
			};
			name = Release;
		};
		12C563F7285CE49900523BBA /* Debug */ = {
			isa = XCBuildConfiguration;
			buildSettings = {
				ASSETCATALOG_COMPILER_APPICON_NAME = AppIcon;
				ASSETCATALOG_COMPILER_GLOBAL_ACCENT_COLOR_NAME = AccentColor;
				CODE_SIGN_STYLE = Automatic;
				CURRENT_PROJECT_VERSION = 1;
				DEVELOPMENT_ASSET_PATHS = "\"ContinuedLearning0618/Preview Content\"";
				DEVELOPMENT_TEAM = UHF4M8QG34;
				ENABLE_PREVIEWS = YES;
				GENERATE_INFOPLIST_FILE = YES;
				INFOPLIST_KEY_UIApplicationSceneManifest_Generation = YES;
				INFOPLIST_KEY_UIApplicationSupportsIndirectInputEvents = YES;
				INFOPLIST_KEY_UILaunchScreen_Generation = YES;
				INFOPLIST_KEY_UISupportedInterfaceOrientations_iPad = "UIInterfaceOrientationPortrait UIInterfaceOrientationPortraitUpsideDown UIInterfaceOrientationLandscapeLeft UIInterfaceOrientationLandscapeRight";
				INFOPLIST_KEY_UISupportedInterfaceOrientations_iPhone = "UIInterfaceOrientationPortrait UIInterfaceOrientationLandscapeLeft UIInterfaceOrientationLandscapeRight";
				LD_RUNPATH_SEARCH_PATHS = (
					"$(inherited)",
					"@executable_path/Frameworks",
				);
				MARKETING_VERSION = 1.0;
				PRODUCT_BUNDLE_IDENTIFIER = com.luckystrike.ContinuedLearning0618;
				PRODUCT_NAME = "$(TARGET_NAME)";
				SWIFT_EMIT_LOC_STRINGS = YES;
				SWIFT_VERSION = 5.0;
				TARGETED_DEVICE_FAMILY = "1,2";
			};
			name = Debug;
		};
		12C563F8285CE49900523BBA /* Release */ = {
			isa = XCBuildConfiguration;
			buildSettings = {
				ASSETCATALOG_COMPILER_APPICON_NAME = AppIcon;
				ASSETCATALOG_COMPILER_GLOBAL_ACCENT_COLOR_NAME = AccentColor;
				CODE_SIGN_STYLE = Automatic;
				CURRENT_PROJECT_VERSION = 1;
				DEVELOPMENT_ASSET_PATHS = "\"ContinuedLearning0618/Preview Content\"";
				DEVELOPMENT_TEAM = UHF4M8QG34;
				ENABLE_PREVIEWS = YES;
				GENERATE_INFOPLIST_FILE = YES;
				INFOPLIST_KEY_UIApplicationSceneManifest_Generation = YES;
				INFOPLIST_KEY_UIApplicationSupportsIndirectInputEvents = YES;
				INFOPLIST_KEY_UILaunchScreen_Generation = YES;
				INFOPLIST_KEY_UISupportedInterfaceOrientations_iPad = "UIInterfaceOrientationPortrait UIInterfaceOrientationPortraitUpsideDown UIInterfaceOrientationLandscapeLeft UIInterfaceOrientationLandscapeRight";
				INFOPLIST_KEY_UISupportedInterfaceOrientations_iPhone = "UIInterfaceOrientationPortrait UIInterfaceOrientationLandscapeLeft UIInterfaceOrientationLandscapeRight";
				LD_RUNPATH_SEARCH_PATHS = (
					"$(inherited)",
					"@executable_path/Frameworks",
				);
				MARKETING_VERSION = 1.0;
				PRODUCT_BUNDLE_IDENTIFIER = com.luckystrike.ContinuedLearning0618;
				PRODUCT_NAME = "$(TARGET_NAME)";
				SWIFT_EMIT_LOC_STRINGS = YES;
				SWIFT_VERSION = 5.0;
				TARGETED_DEVICE_FAMILY = "1,2";
			};
			name = Release;
		};
/* End XCBuildConfiguration section */

/* Begin XCConfigurationList section */
		12C563E3285CE49800523BBA /* Build configuration list for PBXProject "ContinuedLearning0618" */ = {
			isa = XCConfigurationList;
			buildConfigurations = (
				12C563F4285CE49900523BBA /* Debug */,
				12C563F5285CE49900523BBA /* Release */,
			);
			defaultConfigurationIsVisible = 0;
			defaultConfigurationName = Release;
		};
		12C563F6285CE49900523BBA /* Build configuration list for PBXNativeTarget "ContinuedLearning0618" */ = {
			isa = XCConfigurationList;
			buildConfigurations = (
				12C563F7285CE49900523BBA /* Debug */,
				12C563F8285CE49900523BBA /* Release */,
			);
			defaultConfigurationIsVisible = 0;
			defaultConfigurationName = Release;
		};
/* End XCConfigurationList section */
	};
	rootObject = 12C563E0285CE49800523BBA /* Project object */;
}
